
Microsoft Visual Studio Solution File, Format Version 12.00
# Visual Studio Version 16
VisualStudioVersion = 16.0.31112.23
MinimumVisualStudioVersion = 10.0.40219.1
Project("{FAE04EC0-301F-11D3-BF4B-00C04F79EFBC}") = "gcp-demo", "gcp-demo\gcp-demo.csproj", "{2982065E-376D-48DA-8500-E3B027C85148}"
EndProject
Global
	GlobalSection(SolutionConfigurationPlatforms) = preSolution
		Debug|Any CPU = Debug|Any CPU
		Release|Any CPU = Release|Any CPU
	EndGlobalSection
	GlobalSection(ProjectConfigurationPlatforms) = postSolution
		{2982065E-376D-48DA-8500-E3B027C85148}.Debug|Any CPU.ActiveCfg = Debug|Any CPU
		{2982065E-376D-48DA-8500-E3B027C85148}.Debug|Any CPU.Build.0 = Debug|Any CPU
		{2982065E-376D-48DA-8500-E3B027C85148}.Release|Any CPU.ActiveCfg = Release|Any CPU
		{2982065E-376D-48DA-8500-E3B027C85148}.Release|Any CPU.Build.0 = Release|Any CPU
	EndGlobalSection
	GlobalSection(SolutionProperties) = preSolution
		HideSolutionNode = FALSE
	EndGlobalSection
	GlobalSection(ExtensibilityGlobals) = postSolution
		SolutionGuid = {DA28881C-3E3B-45C4-A9D7-76F919A585A4}
	EndGlobalSection
EndGlobal
